PODS:
  - CocoaLumberjack (2.0.0-rc2):
    - CocoaLumberjack/Default (= 2.0.0-rc2)
    - CocoaLumberjack/Extensions (= 2.0.0-rc2)
  - CocoaLumberjack/Core (2.0.0-rc2)
  - CocoaLumberjack/Default (2.0.0-rc2):
    - CocoaLumberjack/Core
  - CocoaLumberjack/Extensions (2.0.0-rc2):
    - CocoaLumberjack/Default
  - Expecta (0.3.2)
  - OCHamcrest (4.1.1)
  - OCMockito (1.4.0):
    - OCHamcrest (~> 4.0)
  - Specta (0.3.2)
  - WLXBluetoothDevice (0.1.1):
    - WLXBluetoothDevice/Core (= 0.1.1)
  - WLXBluetoothDevice/Core (0.1.1):
    - CocoaLumberjack (~> 2.0.0-rc)

DEPENDENCIES:
  - CocoaLumberjack (~> 2.0.0-rc)
  - Expecta
  - OCMockito (~> 1.0)
  - Specta (~> 0.3.2)
  - WLXBluetoothDevice (from `../`)

EXTERNAL SOURCES:
  WLXBluetoothDevice:
    :path: ../

SPEC CHECKSUMS:
  CocoaLumberjack: 6027cd9a0665203a7df456c526e137f02cd547e1
  Expecta: ee641011fe10aa1855d487b40e4976dac50ec342
  OCHamcrest: af1c7c5ea345de69ea6c9c2958f65f3044e5c420
  OCMockito: 991936bb775cc4c27f063d38f5e17b9161fbd21c
  Specta: 698a58ffa5ec948327d3b92eab50ca58d7f4fbe8
  WLXBluetoothDevice: 5bddb1894569e4198527092ea2497a1c2eba894e

COCOAPODS: 0.35.0
